
Microsoft Visual Studio Solution File, Format Version 12.00
# Visual Studio Version 17
VisualStudioVersion = 17.8.34316.72
MinimumVisualStudioVersion = 10.0.40219.1
Project("{2150E333-8FDC-42A3-9474-1A3956D46DE8}") = "Services", "Services", "{0A6F99D0-C5C8-45F2-8C70-787B0F955A8A}"
EndProject
Project("{2150E333-8FDC-42A3-9474-1A3956D46DE8}") = "Catalog", "Catalog", "{0AC71899-9DC0-4951-B6F9-36470D0ADEF6}"
EndProject
Project("{9A19103F-16F7-4668-BE54-9A1E7A4F7556}") = "FreeCourse.Services.Catalog", "Services\Catalog\FreeCourse.Services.Catalog\FreeCourse.Services.Catalog.csproj", "{423156F0-E6F0-4182-AEE2-A46DB47ECCF0}"
EndProject
Project("{9A19103F-16F7-4668-BE54-9A1E7A4F7556}") = "FreeCourse.Shared", "Shared\FreeCourse.Shared\FreeCourse.Shared.csproj", "{6DD29E9C-741B-41C7-A01E-4CC854D4C55E}"
EndProject
Project("{2150E333-8FDC-42A3-9474-1A3956D46DE8}") = "IdentityServer", "IdentityServer", "{F1D782B3-096C-48F6-9F19-98AD871F07A5}"
EndProject
Project("{9A19103F-16F7-4668-BE54-9A1E7A4F7556}") = "FreeCourse.IdentityServer", "IdentityServer\FreeCourse.IdentityServer\FreeCourse.IdentityServer.csproj", "{D2B71C12-2F51-4CF1-A41A-7D1ADB2FCE48}"
EndProject
Project("{2150E333-8FDC-42A3-9474-1A3956D46DE8}") = "PhotoStock", "PhotoStock", "{C16FAC66-A57D-4E7E-B644-CDB8CF7ACB94}"
EndProject
Project("{9A19103F-16F7-4668-BE54-9A1E7A4F7556}") = "FreeCourse.Services.PhotoStock", "Services\PhotoStock\FreeCourse.Services.PhotoStock\FreeCourse.Services.PhotoStock.csproj", "{87E29D10-161A-4210-AED2-EBA1E07D4098}"
EndProject
Project("{2150E333-8FDC-42A3-9474-1A3956D46DE8}") = "Basket", "Basket", "{6A97D124-4991-45CD-A4C2-2A625CFE326D}"
EndProject
Project("{9A19103F-16F7-4668-BE54-9A1E7A4F7556}") = "FreeCourse.Services.Basket", "Services\Basket\FreeCourse.Services.Basket\FreeCourse.Services.Basket.csproj", "{5E2AFEF5-02B1-4832-9060-706A748ABA3D}"
EndProject
Project("{2150E333-8FDC-42A3-9474-1A3956D46DE8}") = "Discount", "Discount", "{3169FB31-65D4-4CDE-9654-32C6816BA5E8}"
EndProject
Project("{FAE04EC0-301F-11D3-BF4B-00C04F79EFBC}") = "FreeCourse.Services.Discount", "Services\Discount\FreeCourse.Services.Discount\FreeCourse.Services.Discount.csproj", "{F6D7667B-6970-44C2-B685-2EB8CA2FBB01}"
EndProject
Global
	GlobalSection(SolutionConfigurationPlatforms) = preSolution
		Debug|Any CPU = Debug|Any CPU
		Release|Any CPU = Release|Any CPU
	EndGlobalSection
	GlobalSection(ProjectConfigurationPlatforms) = postSolution
		{423156F0-E6F0-4182-AEE2-A46DB47ECCF0}.Debug|Any CPU.ActiveCfg = Debug|Any CPU
		{423156F0-E6F0-4182-AEE2-A46DB47ECCF0}.Debug|Any CPU.Build.0 = Debug|Any CPU
		{423156F0-E6F0-4182-AEE2-A46DB47ECCF0}.Release|Any CPU.ActiveCfg = Release|Any CPU
		{423156F0-E6F0-4182-AEE2-A46DB47ECCF0}.Release|Any CPU.Build.0 = Release|Any CPU
		{6DD29E9C-741B-41C7-A01E-4CC854D4C55E}.Debug|Any CPU.ActiveCfg = Debug|Any CPU
		{6DD29E9C-741B-41C7-A01E-4CC854D4C55E}.Debug|Any CPU.Build.0 = Debug|Any CPU
		{6DD29E9C-741B-41C7-A01E-4CC854D4C55E}.Release|Any CPU.ActiveCfg = Release|Any CPU
		{6DD29E9C-741B-41C7-A01E-4CC854D4C55E}.Release|Any CPU.Build.0 = Release|Any CPU
		{D2B71C12-2F51-4CF1-A41A-7D1ADB2FCE48}.Debug|Any CPU.ActiveCfg = Debug|Any CPU
		{D2B71C12-2F51-4CF1-A41A-7D1ADB2FCE48}.Debug|Any CPU.Build.0 = Debug|Any CPU
		{D2B71C12-2F51-4CF1-A41A-7D1ADB2FCE48}.Release|Any CPU.ActiveCfg = Release|Any CPU
		{D2B71C12-2F51-4CF1-A41A-7D1ADB2FCE48}.Release|Any CPU.Build.0 = Release|Any CPU
		{87E29D10-161A-4210-AED2-EBA1E07D4098}.Debug|Any CPU.ActiveCfg = Debug|Any CPU
		{87E29D10-161A-4210-AED2-EBA1E07D4098}.Debug|Any CPU.Build.0 = Debug|Any CPU
		{87E29D10-161A-4210-AED2-EBA1E07D4098}.Release|Any CPU.ActiveCfg = Release|Any CPU
		{87E29D10-161A-4210-AED2-EBA1E07D4098}.Release|Any CPU.Build.0 = Release|Any CPU
		{5E2AFEF5-02B1-4832-9060-706A748ABA3D}.Debug|Any CPU.ActiveCfg = Debug|Any CPU
		{5E2AFEF5-02B1-4832-9060-706A748ABA3D}.Debug|Any CPU.Build.0 = Debug|Any CPU
		{5E2AFEF5-02B1-4832-9060-706A748ABA3D}.Release|Any CPU.ActiveCfg = Release|Any CPU
		{5E2AFEF5-02B1-4832-9060-706A748ABA3D}.Release|Any CPU.Build.0 = Release|Any CPU
		{F6D7667B-6970-44C2-B685-2EB8CA2FBB01}.Debug|Any CPU.ActiveCfg = Debug|Any CPU
		{F6D7667B-6970-44C2-B685-2EB8CA2FBB01}.Debug|Any CPU.Build.0 = Debug|Any CPU
		{F6D7667B-6970-44C2-B685-2EB8CA2FBB01}.Release|Any CPU.ActiveCfg = Release|Any CPU
		{F6D7667B-6970-44C2-B685-2EB8CA2FBB01}.Release|Any CPU.Build.0 = Release|Any CPU
	EndGlobalSection
	GlobalSection(SolutionProperties) = preSolution
		HideSolutionNode = FALSE
	EndGlobalSection
	GlobalSection(NestedProjects) = preSolution
		{0AC71899-9DC0-4951-B6F9-36470D0ADEF6} = {0A6F99D0-C5C8-45F2-8C70-787B0F955A8A}
		{423156F0-E6F0-4182-AEE2-A46DB47ECCF0} = {0AC71899-9DC0-4951-B6F9-36470D0ADEF6}
		{D2B71C12-2F51-4CF1-A41A-7D1ADB2FCE48} = {F1D782B3-096C-48F6-9F19-98AD871F07A5}
		{C16FAC66-A57D-4E7E-B644-CDB8CF7ACB94} = {0A6F99D0-C5C8-45F2-8C70-787B0F955A8A}
		{87E29D10-161A-4210-AED2-EBA1E07D4098} = {C16FAC66-A57D-4E7E-B644-CDB8CF7ACB94}
		{6A97D124-4991-45CD-A4C2-2A625CFE326D} = {0A6F99D0-C5C8-45F2-8C70-787B0F955A8A}
		{5E2AFEF5-02B1-4832-9060-706A748ABA3D} = {6A97D124-4991-45CD-A4C2-2A625CFE326D}
		{3169FB31-65D4-4CDE-9654-32C6816BA5E8} = {0A6F99D0-C5C8-45F2-8C70-787B0F955A8A}
		{F6D7667B-6970-44C2-B685-2EB8CA2FBB01} = {3169FB31-65D4-4CDE-9654-32C6816BA5E8}
	EndGlobalSection
	GlobalSection(ExtensibilityGlobals) = postSolution
		SolutionGuid = {AF2628FC-3A13-4C7F-9CFB-AD83DF2C2CBD}
	EndGlobalSection
EndGlobal
