
Microsoft Visual Studio Solution File, Format Version 12.00
# Visual Studio Version 17
VisualStudioVersion = 17.8.34316.72
MinimumVisualStudioVersion = 10.0.40219.1
Project("{2150E333-8FDC-42A3-9474-1A3956D46DE8}") = "Services", "Services", "{0A6F99D0-C5C8-45F2-8C70-787B0F955A8A}"
EndProject
Project("{2150E333-8FDC-42A3-9474-1A3956D46DE8}") = "Catalog", "Catalog", "{0AC71899-9DC0-4951-B6F9-36470D0ADEF6}"
EndProject
Project("{9A19103F-16F7-4668-BE54-9A1E7A4F7556}") = "FreeCourse.Services.Catalog", "Services\Catalog\FreeCourse.Services.Catalog\FreeCourse.Services.Catalog.csproj", "{423156F0-E6F0-4182-AEE2-A46DB47ECCF0}"
EndProject
Project("{9A19103F-16F7-4668-BE54-9A1E7A4F7556}") = "FreeCourse.Shared", "Shared\FreeCourse.Shared\FreeCourse.Shared.csproj", "{6DD29E9C-741B-41C7-A01E-4CC854D4C55E}"
EndProject
Project("{2150E333-8FDC-42A3-9474-1A3956D46DE8}") = "IdentityServer", "IdentityServer", "{F1D782B3-096C-48F6-9F19-98AD871F07A5}"
EndProject
Project("{9A19103F-16F7-4668-BE54-9A1E7A4F7556}") = "FreeCourse.IdentityServer", "IdentityServer\FreeCourse.IdentityServer\FreeCourse.IdentityServer.csproj", "{D2B71C12-2F51-4CF1-A41A-7D1ADB2FCE48}"
EndProject
Global
	GlobalSection(SolutionConfigurationPlatforms) = preSolution
		Debug|Any CPU = Debug|Any CPU
		Release|Any CPU = Release|Any CPU
	EndGlobalSection
	GlobalSection(ProjectConfigurationPlatforms) = postSolution
		{423156F0-E6F0-4182-AEE2-A46DB47ECCF0}.Debug|Any CPU.ActiveCfg = Debug|Any CPU
		{423156F0-E6F0-4182-AEE2-A46DB47ECCF0}.Debug|Any CPU.Build.0 = Debug|Any CPU
		{423156F0-E6F0-4182-AEE2-A46DB47ECCF0}.Release|Any CPU.ActiveCfg = Release|Any CPU
		{423156F0-E6F0-4182-AEE2-A46DB47ECCF0}.Release|Any CPU.Build.0 = Release|Any CPU
		{6DD29E9C-741B-41C7-A01E-4CC854D4C55E}.Debug|Any CPU.ActiveCfg = Debug|Any CPU
		{6DD29E9C-741B-41C7-A01E-4CC854D4C55E}.Debug|Any CPU.Build.0 = Debug|Any CPU
		{6DD29E9C-741B-41C7-A01E-4CC854D4C55E}.Release|Any CPU.ActiveCfg = Release|Any CPU
		{6DD29E9C-741B-41C7-A01E-4CC854D4C55E}.Release|Any CPU.Build.0 = Release|Any CPU
		{D2B71C12-2F51-4CF1-A41A-7D1ADB2FCE48}.Debug|Any CPU.ActiveCfg = Debug|Any CPU
		{D2B71C12-2F51-4CF1-A41A-7D1ADB2FCE48}.Debug|Any CPU.Build.0 = Debug|Any CPU
		{D2B71C12-2F51-4CF1-A41A-7D1ADB2FCE48}.Release|Any CPU.ActiveCfg = Release|Any CPU
		{D2B71C12-2F51-4CF1-A41A-7D1ADB2FCE48}.Release|Any CPU.Build.0 = Release|Any CPU
	EndGlobalSection
	GlobalSection(SolutionProperties) = preSolution
		HideSolutionNode = FALSE
	EndGlobalSection
	GlobalSection(NestedProjects) = preSolution
		{0AC71899-9DC0-4951-B6F9-36470D0ADEF6} = {0A6F99D0-C5C8-45F2-8C70-787B0F955A8A}
		{423156F0-E6F0-4182-AEE2-A46DB47ECCF0} = {0AC71899-9DC0-4951-B6F9-36470D0ADEF6}
		{D2B71C12-2F51-4CF1-A41A-7D1ADB2FCE48} = {F1D782B3-096C-48F6-9F19-98AD871F07A5}
	EndGlobalSection
	GlobalSection(ExtensibilityGlobals) = postSolution
		SolutionGuid = {AF2628FC-3A13-4C7F-9CFB-AD83DF2C2CBD}
	EndGlobalSection
EndGlobal
